<?xml version="1.0" encoding="utf-8"?>
<Project ToolsVersion="4.0" xmlns="http://schemas.microsoft.com/developer/msbuild/2003">
  <ItemGroup>
    <ClCompile Include="Source\Engine.cpp" />
    <ClCompile Include="Source\Main.cpp" />
    <ClCompile Include="Source\Shader.cpp" />
    <ClCompile Include="Source\Component.cpp">
      <Filter>Source\GameObject\Components</Filter>
    </ClCompile>
    <ClCompile Include="Source\ComponentCamera.cpp">
      <Filter>Source\GameObject\Components</Filter>
    </ClCompile>
    <ClCompile Include="Source\ComponentInfo.cpp">
      <Filter>Source\GameObject\Components</Filter>
    </ClCompile>
    <ClCompile Include="Source\ComponentMaterial.cpp">
      <Filter>Source\GameObject\Components</Filter>
    </ClCompile>
    <ClCompile Include="Source\ComponentMesh.cpp">
      <Filter>Source\GameObject\Components</Filter>
    </ClCompile>
    <ClCompile Include="Source\ComponentTransform.cpp">
      <Filter>Source\GameObject\Components</Filter>
    </ClCompile>
    <ClCompile Include="Source\Mesh.cpp">
      <Filter>Source\GameObject\Components</Filter>
    </ClCompile>
    <ClCompile Include="Source\GameObject.cpp">
      <Filter>Source\GameObject</Filter>
    </ClCompile>
    <ClCompile Include="Source\SceneIntro.cpp">
      <Filter>Source\Scenes</Filter>
    </ClCompile>
    <ClCompile Include="Source\SceneManager.cpp">
      <Filter>Source\Scenes</Filter>
    </ClCompile>
    <ClCompile Include="Source\glmath.cpp">
      <Filter>Source\Utils</Filter>
    </ClCompile>
    <ClCompile Include="Source\Log.cpp">
      <Filter>Source\Utils</Filter>
    </ClCompile>
    <ClCompile Include="Source\JsonHandler.cpp">
      <Filter>Source\Utils</Filter>
    </ClCompile>
    <ClCompile Include="Source\Primitive.cpp">
      <Filter>Source\Helpers</Filter>
    </ClCompile>
    <ClCompile Include="Source\Light.cpp">
      <Filter>Source\Helpers</Filter>
    </ClCompile>
    <ClCompile Include="Source\Color.cpp">
      <Filter>Source\Helpers</Filter>
    </ClCompile>
    <ClCompile Include="Source\MainBar.cpp">
      <Filter>Source\Editor\MenuBars</Filter>
    </ClCompile>
    <ClCompile Include="Source\PanelAbout.cpp">
      <Filter>Source\Editor\Panels</Filter>
    </ClCompile>
    <ClCompile Include="Source\PanelAssets.cpp">
      <Filter>Source\Editor\Panels</Filter>
    </ClCompile>
    <ClCompile Include="Source\PanelChooser.cpp">
      <Filter>Source\Editor\Panels</Filter>
    </ClCompile>
    <ClCompile Include="Source\PanelConfiguration.cpp">
      <Filter>Source\Editor\Panels</Filter>
    </ClCompile>
    <ClCompile Include="Source\PanelGame.cpp">
      <Filter>Source\Editor\Panels</Filter>
    </ClCompile>
    <ClCompile Include="Source\PanelHierarchy.cpp">
      <Filter>Source\Editor\Panels</Filter>
    </ClCompile>
    <ClCompile Include="Source\PanelInspector.cpp">
      <Filter>Source\Editor\Panels</Filter>
    </ClCompile>
    <ClCompile Include="Source\PanelLog.cpp">
      <Filter>Source\Editor\Panels</Filter>
    </ClCompile>
    <ClCompile Include="Source\PanelRuntimeState.cpp">
      <Filter>Source\Editor\Panels</Filter>
    </ClCompile>
    <ClCompile Include="Source\PanelViewport.cpp">
      <Filter>Source\Editor\Panels</Filter>
    </ClCompile>
    <ClCompile Include="Source\EditorStyleHandler.cpp">
      <Filter>Source\Editor\Style</Filter>
    </ClCompile>
    <ClCompile Include="Source\External\imgui\imgui.cpp">
      <Filter>Libs\imgui</Filter>
    </ClCompile>
    <ClCompile Include="Source\External\imgui\imgui_demo.cpp">
      <Filter>Libs\imgui</Filter>
    </ClCompile>
    <ClCompile Include="Source\External\imgui\imgui_draw.cpp">
      <Filter>Libs\imgui</Filter>
    </ClCompile>
    <ClCompile Include="Source\External\imgui\imgui_impl_opengl2.cpp">
      <Filter>Libs\imgui</Filter>
    </ClCompile>
    <ClCompile Include="Source\External\imgui\imgui_impl_opengl3.cpp">
      <Filter>Libs\imgui</Filter>
    </ClCompile>
    <ClCompile Include="Source\External\imgui\imgui_impl_sdl.cpp">
      <Filter>Libs\imgui</Filter>
    </ClCompile>
    <ClCompile Include="Source\External\imgui\imgui_stdlib.cpp">
      <Filter>Libs\imgui</Filter>
    </ClCompile>
    <ClCompile Include="Source\External\imgui\imgui_tables.cpp">
      <Filter>Libs\imgui</Filter>
    </ClCompile>
    <ClCompile Include="Source\External\imgui\imgui_widgets.cpp">
      <Filter>Libs\imgui</Filter>
    </ClCompile>
    <ClCompile Include="Source\Importer.cpp">
      <Filter>Libs\imgui</Filter>
    </ClCompile>
    <ClCompile Include="Source\External\mmgr\mmgr.cpp">
      <Filter>Libs\mmgr</Filter>
    </ClCompile>
    <ClCompile Include="Source\External\stb_image\stb_image.cpp">
      <Filter>Libs\stb_image</Filter>
    </ClCompile>
    <ClCompile Include="Source\External\MathGeoLib\MathGeoLib\Time\Clock.cpp">
      <Filter>Libs\MathGeoLib\Time</Filter>
    </ClCompile>
    <ClCompile Include="Source\External\MathGeoLib\MathGeoLib\Algorithm\Random\LCG.cpp">
      <Filter>Libs\MathGeoLib\Algorithms\Random</Filter>
    </ClCompile>
    <ClCompile Include="Source\External\MathGeoLib\MathGeoLib\Geometry\TriangleMesh.cpp">
      <Filter>Libs\MathGeoLib\Geometry</Filter>
    </ClCompile>
    <ClCompile Include="Source\External\MathGeoLib\MathGeoLib\Geometry\Triangle.cpp">
      <Filter>Libs\MathGeoLib\Geometry</Filter>
    </ClCompile>
    <ClCompile Include="Source\External\MathGeoLib\MathGeoLib\Geometry\Sphere.cpp">
      <Filter>Libs\MathGeoLib\Geometry</Filter>
    </ClCompile>
    <ClCompile Include="Source\External\MathGeoLib\MathGeoLib\Geometry\Ray.cpp">
      <Filter>Libs\MathGeoLib\Geometry</Filter>
    </ClCompile>
    <ClCompile Include="Source\External\MathGeoLib\MathGeoLib\Geometry\Polyhedron.cpp">
      <Filter>Libs\MathGeoLib\Geometry</Filter>
    </ClCompile>
    <ClCompile Include="Source\External\MathGeoLib\MathGeoLib\Geometry\Polygon.cpp">
      <Filter>Libs\MathGeoLib\Geometry</Filter>
    </ClCompile>
    <ClCompile Include="Source\External\MathGeoLib\MathGeoLib\Geometry\Plane.cpp">
      <Filter>Libs\MathGeoLib\Geometry</Filter>
    </ClCompile>
    <ClCompile Include="Source\External\MathGeoLib\MathGeoLib\Geometry\OBB.cpp">
      <Filter>Libs\MathGeoLib\Geometry</Filter>
    </ClCompile>
    <ClCompile Include="Source\External\MathGeoLib\MathGeoLib\Geometry\LineSegment.cpp">
      <Filter>Libs\MathGeoLib\Geometry</Filter>
    </ClCompile>
    <ClCompile Include="Source\External\MathGeoLib\MathGeoLib\Geometry\Line.cpp">
      <Filter>Libs\MathGeoLib\Geometry</Filter>
    </ClCompile>
    <ClCompile Include="Source\External\MathGeoLib\MathGeoLib\Geometry\Frustum.cpp">
      <Filter>Libs\MathGeoLib\Geometry</Filter>
    </ClCompile>
    <ClCompile Include="Source\External\MathGeoLib\MathGeoLib\Geometry\Circle.cpp">
      <Filter>Libs\MathGeoLib\Geometry</Filter>
    </ClCompile>
    <ClCompile Include="Source\External\MathGeoLib\MathGeoLib\Geometry\Capsule.cpp">
      <Filter>Libs\MathGeoLib\Geometry</Filter>
    </ClCompile>
    <ClCompile Include="Source\External\MathGeoLib\MathGeoLib\Geometry\AABB.cpp">
      <Filter>Libs\MathGeoLib\Geometry</Filter>
    </ClCompile>
    <ClCompile Include="Source\External\MathGeoLib\MathGeoLib\Math\TransformOps.cpp">
      <Filter>Libs\MathGeoLib\Math</Filter>
    </ClCompile>
    <ClCompile Include="Source\External\MathGeoLib\MathGeoLib\Math\SSEMath.cpp">
      <Filter>Libs\MathGeoLib\Math</Filter>
    </ClCompile>
    <ClCompile Include="Source\External\MathGeoLib\MathGeoLib\Math\Quat.cpp">
      <Filter>Libs\MathGeoLib\Math</Filter>
    </ClCompile>
    <ClCompile Include="Source\External\MathGeoLib\MathGeoLib\Math\Polynomial.cpp">
      <Filter>Libs\MathGeoLib\Math</Filter>
    </ClCompile>
    <ClCompile Include="Source\External\MathGeoLib\MathGeoLib\Math\MathOps.cpp">
      <Filter>Libs\MathGeoLib\Math</Filter>
    </ClCompile>
    <ClCompile Include="Source\External\MathGeoLib\MathGeoLib\Math\MathLog.cpp">
      <Filter>Libs\MathGeoLib\Math</Filter>
    </ClCompile>
    <ClCompile Include="Source\External\MathGeoLib\MathGeoLib\Math\MathFunc.cpp">
      <Filter>Libs\MathGeoLib\Math</Filter>
    </ClCompile>
    <ClCompile Include="Source\External\MathGeoLib\MathGeoLib\Math\float4x4.cpp">
      <Filter>Libs\MathGeoLib\Math</Filter>
    </ClCompile>
    <ClCompile Include="Source\External\MathGeoLib\MathGeoLib\Math\float4.cpp">
      <Filter>Libs\MathGeoLib\Math</Filter>
    </ClCompile>
    <ClCompile Include="Source\External\MathGeoLib\MathGeoLib\Math\float3x4.cpp">
      <Filter>Libs\MathGeoLib\Math</Filter>
    </ClCompile>
    <ClCompile Include="Source\External\MathGeoLib\MathGeoLib\Math\float3x3.cpp">
      <Filter>Libs\MathGeoLib\Math</Filter>
    </ClCompile>
    <ClCompile Include="Source\External\MathGeoLib\MathGeoLib\Math\float3.cpp">
      <Filter>Libs\MathGeoLib\Math</Filter>
    </ClCompile>
    <ClCompile Include="Source\External\MathGeoLib\MathGeoLib\Math\float2.cpp">
      <Filter>Libs\MathGeoLib\Math</Filter>
    </ClCompile>
    <ClCompile Include="Source\External\MathGeoLib\MathGeoLib\Math\BitOps.cpp">
      <Filter>Libs\MathGeoLib\Math</Filter>
    </ClCompile>
    <ClCompile Include="Source\Window.cpp">
      <Filter>Source\Modules</Filter>
    </ClCompile>
    <ClCompile Include="Source\ViewportFrameBuffer.cpp">
      <Filter>Source\Modules</Filter>
    </ClCompile>
    <ClCompile Include="Source\Textures.cpp">
      <Filter>Source\Modules</Filter>
    </ClCompile>
    <ClCompile Include="Source\Renderer3D.cpp">
      <Filter>Source\Modules</Filter>
    </ClCompile>
    <ClCompile Include="Source\Input.cpp">
      <Filter>Source\Modules</Filter>
    </ClCompile>
    <ClCompile Include="Source\FileSystem.cpp">
      <Filter>Source\Modules</Filter>
    </ClCompile>
    <ClCompile Include="Source\Editor.cpp">
      <Filter>Source\Modules</Filter>
    </ClCompile>
    <ClCompile Include="Source\Camera3D.cpp">
      <Filter>Source\Modules</Filter>
    </ClCompile>
  </ItemGroup>
  <ItemGroup>
    <ClInclude Include="Source\Engine.h" />
    <ClInclude Include="Source\Globals.h" />
    <ClInclude Include="Source\Shader.h" />
    <ClInclude Include="Source\Component.h">
      <Filter>Source\GameObject\Components</Filter>
    </ClInclude>
    <ClInclude Include="Source\ComponentCamera.h">
      <Filter>Source\GameObject\Components</Filter>
    </ClInclude>
    <ClInclude Include="Source\ComponentInfo.h">
      <Filter>Source\GameObject\Components</Filter>
    </ClInclude>
    <ClInclude Include="Source\ComponentMaterial.h">
      <Filter>Source\GameObject\Components</Filter>
    </ClInclude>
    <ClInclude Include="Source\ComponentMesh.h">
      <Filter>Source\GameObject\Components</Filter>
    </ClInclude>
    <ClInclude Include="Source\Mesh.h">
      <Filter>Source\GameObject\Components</Filter>
    </ClInclude>
    <ClInclude Include="Source\GameObject.h">
      <Filter>Source\GameObject</Filter>
    </ClInclude>
    <ClInclude Include="Source\Scene.h">
      <Filter>Source\Scenes</Filter>
    </ClInclude>
    <ClInclude Include="Source\SceneIntro.h">
      <Filter>Source\Scenes</Filter>
    </ClInclude>
    <ClInclude Include="Source\SceneManager.h">
      <Filter>Source\Scenes</Filter>
    </ClInclude>
    <ClInclude Include="Source\Defs.h">
      <Filter>Source\Utils</Filter>
    </ClInclude>
    <ClInclude Include="Source\glmath.h">
      <Filter>Source\Utils</Filter>
    </ClInclude>
    <ClInclude Include="Source\RNG.h">
      <Filter>Source\Utils</Filter>
    </ClInclude>
    <ClInclude Include="Source\Timer.h">
      <Filter>Source\Utils</Filter>
    </ClInclude>
    <ClInclude Include="Source\SString.h">
      <Filter>Source\Utils</Filter>
    </ClInclude>
    <ClInclude Include="Source\PerfTimer.h">
      <Filter>Source\Utils</Filter>
    </ClInclude>
    <ClInclude Include="Source\Log.h">
      <Filter>Source\Utils</Filter>
    </ClInclude>
    <ClInclude Include="Source\JsonHandler.h">
      <Filter>Source\Utils</Filter>
    </ClInclude>
    <ClInclude Include="Source\Primitive.h">
      <Filter>Source\Helpers</Filter>
    </ClInclude>
    <ClInclude Include="Source\Light.h">
      <Filter>Source\Helpers</Filter>
    </ClInclude>
    <ClInclude Include="Source\EngineConfig.h">
      <Filter>Source\Helpers</Filter>
    </ClInclude>
    <ClInclude Include="Source\Color.h">
      <Filter>Source\Helpers</Filter>
    </ClInclude>
    <ClInclude Include="Source\MainBar.h">
      <Filter>Source\Editor\MenuBars</Filter>
    </ClInclude>
    <ClInclude Include="Source\Panel.h">
      <Filter>Source\Editor\Panels</Filter>
    </ClInclude>
    <ClInclude Include="Source\PanelAbout.h">
      <Filter>Source\Editor\Panels</Filter>
    </ClInclude>
    <ClInclude Include="Source\PanelAssets.h">
      <Filter>Source\Editor\Panels</Filter>
    </ClInclude>
    <ClInclude Include="Source\PanelChooser.h">
      <Filter>Source\Editor\Panels</Filter>
    </ClInclude>
    <ClInclude Include="Source\PanelConfiguration.h">
      <Filter>Source\Editor\Panels</Filter>
    </ClInclude>
    <ClInclude Include="Source\PanelGame.h">
      <Filter>Source\Editor\Panels</Filter>
    </ClInclude>
    <ClInclude Include="Source\PanelHierarchy.h">
      <Filter>Source\Editor\Panels</Filter>
    </ClInclude>
    <ClInclude Include="Source\PanelInspector.h">
      <Filter>Source\Editor\Panels</Filter>
    </ClInclude>
    <ClInclude Include="Source\PanelLog.h">
      <Filter>Source\Editor\Panels</Filter>
    </ClInclude>
    <ClInclude Include="Source\PanelRuntimeState.h">
      <Filter>Source\Editor\Panels</Filter>
    </ClInclude>
    <ClInclude Include="Source\PanelViewport.h">
      <Filter>Source\Editor\Panels</Filter>
    </ClInclude>
    <ClInclude Include="Source\EditorStyleHandler.h">
      <Filter>Source\Editor\Style</Filter>
    </ClInclude>
    <ClInclude Include="Source\External\imgui\imconfig.h">
      <Filter>Libs\imgui</Filter>
    </ClInclude>
    <ClInclude Include="Source\External\imgui\imgui.h">
      <Filter>Libs\imgui</Filter>
    </ClInclude>
    <ClInclude Include="Source\External\imgui\imgui_impl_opengl2.h">
      <Filter>Libs\imgui</Filter>
    </ClInclude>
    <ClInclude Include="Source\External\imgui\imgui_impl_opengl3.h">
      <Filter>Libs\imgui</Filter>
    </ClInclude>
    <ClInclude Include="Source\External\imgui\imgui_impl_opengl3_loader.h">
      <Filter>Libs\imgui</Filter>
    </ClInclude>
    <ClInclude Include="Source\External\imgui\imgui_impl_sdl.h">
      <Filter>Libs\imgui</Filter>
    </ClInclude>
    <ClInclude Include="Source\External\imgui\imgui_internal.h">
      <Filter>Libs\imgui</Filter>
    </ClInclude>
    <ClInclude Include="Source\External\imgui\Extras\Markdown\imgui_markdown.h">
      <Filter>Libs\imgui</Filter>
    </ClInclude>
    <ClInclude Include="Source\External\imgui\imgui_stdlib.h">
      <Filter>Libs\imgui</Filter>
    </ClInclude>
    <ClInclude Include="Source\ImGuiAppLog.h">
      <Filter>Libs\imgui</Filter>
    </ClInclude>
    <ClInclude Include="Source\Importer.h">
      <Filter>Libs\imgui</Filter>
    </ClInclude>
    <ClInclude Include="Source\External\imgui\imstb_rectpack.h">
      <Filter>Libs\imgui</Filter>
    </ClInclude>
    <ClInclude Include="Source\External\imgui\imstb_textedit.h">
      <Filter>Libs\imgui</Filter>
    </ClInclude>
    <ClInclude Include="Source\External\imgui\imstb_truetype.h">
      <Filter>Libs\imgui</Filter>
    </ClInclude>
    <ClInclude Include="Source\External\JsonParser\json.hpp">
      <Filter>Libs\JsonParser</Filter>
    </ClInclude>
    <ClInclude Include="Source\External\mmgr\mmgr.h">
      <Filter>Libs\mmgr</Filter>
    </ClInclude>
    <ClInclude Include="Source\External\mmgr\nommgr.h">
      <Filter>Libs\mmgr</Filter>
    </ClInclude>
    <ClInclude Include="Source\External\stb_image\stb_image.h">
      <Filter>Libs\stb_image</Filter>
    </ClInclude>
    <ClInclude Include="Source\External\MathGeoLib\MathGeoLib\Time\Clock.h">
      <Filter>Libs\MathGeoLib\Time</Filter>
    </ClInclude>
    <ClInclude Include="Source\External\MathGeoLib\MathGeoLib\Algorithm\Random\LCG.h">
      <Filter>Libs\MathGeoLib\Algorithms\Random</Filter>
    </ClInclude>
    <ClInclude Include="Source\External\MathGeoLib\MathGeoLib\Geometry\TriangleMesh.h">
      <Filter>Libs\MathGeoLib\Geometry</Filter>
    </ClInclude>
    <ClInclude Include="Source\External\MathGeoLib\MathGeoLib\Geometry\Triangle.h">
      <Filter>Libs\MathGeoLib\Geometry</Filter>
    </ClInclude>
    <ClInclude Include="Source\External\MathGeoLib\MathGeoLib\Geometry\Sphere.h">
      <Filter>Libs\MathGeoLib\Geometry</Filter>
    </ClInclude>
    <ClInclude Include="Source\External\MathGeoLib\MathGeoLib\Geometry\Ray.h">
      <Filter>Libs\MathGeoLib\Geometry</Filter>
    </ClInclude>
    <ClInclude Include="Source\External\MathGeoLib\MathGeoLib\Geometry\QuadTree.h">
      <Filter>Libs\MathGeoLib\Geometry</Filter>
    </ClInclude>
    <ClInclude Include="Source\External\MathGeoLib\MathGeoLib\Geometry\Polyhedron.h">
      <Filter>Libs\MathGeoLib\Geometry</Filter>
    </ClInclude>
    <ClInclude Include="Source\External\MathGeoLib\MathGeoLib\Geometry\Polygon.h">
      <Filter>Libs\MathGeoLib\Geometry</Filter>
    </ClInclude>
    <ClInclude Include="Source\External\MathGeoLib\MathGeoLib\Geometry\Plane.h">
      <Filter>Libs\MathGeoLib\Geometry</Filter>
    </ClInclude>
    <ClInclude Include="Source\External\MathGeoLib\MathGeoLib\Geometry\PBVolume.h">
      <Filter>Libs\MathGeoLib\Geometry</Filter>
    </ClInclude>
    <ClInclude Include="Source\External\MathGeoLib\MathGeoLib\Geometry\OBB.h">
      <Filter>Libs\MathGeoLib\Geometry</Filter>
    </ClInclude>
    <ClInclude Include="Source\External\MathGeoLib\MathGeoLib\Geometry\LineSegment.h">
      <Filter>Libs\MathGeoLib\Geometry</Filter>
    </ClInclude>
    <ClInclude Include="Source\External\MathGeoLib\MathGeoLib\Geometry\Line.h">
      <Filter>Libs\MathGeoLib\Geometry</Filter>
    </ClInclude>
    <ClInclude Include="Source\External\MathGeoLib\MathGeoLib\Geometry\KDTree.h">
      <Filter>Libs\MathGeoLib\Geometry</Filter>
    </ClInclude>
    <ClInclude Include="Source\External\MathGeoLib\MathGeoLib\Geometry\HitInfo.h">
      <Filter>Libs\MathGeoLib\Geometry</Filter>
    </ClInclude>
    <ClInclude Include="Source\External\MathGeoLib\MathGeoLib\Geometry\GeomType.h">
      <Filter>Libs\MathGeoLib\Geometry</Filter>
    </ClInclude>
    <ClInclude Include="Source\External\MathGeoLib\MathGeoLib\Geometry\GeometryAll.h">
      <Filter>Libs\MathGeoLib\Geometry</Filter>
    </ClInclude>
    <ClInclude Include="Source\External\MathGeoLib\MathGeoLib\Geometry\Frustum.h">
      <Filter>Libs\MathGeoLib\Geometry</Filter>
    </ClInclude>
    <ClInclude Include="Source\External\MathGeoLib\MathGeoLib\Geometry\Circle.h">
      <Filter>Libs\MathGeoLib\Geometry</Filter>
    </ClInclude>
    <ClInclude Include="Source\External\MathGeoLib\MathGeoLib\Geometry\Capsule.h">
      <Filter>Libs\MathGeoLib\Geometry</Filter>
    </ClInclude>
    <ClInclude Include="Source\External\MathGeoLib\MathGeoLib\Geometry\AABB2D.h">
      <Filter>Libs\MathGeoLib\Geometry</Filter>
    </ClInclude>
    <ClInclude Include="Source\External\MathGeoLib\MathGeoLib\Geometry\AABB.h">
      <Filter>Libs\MathGeoLib\Geometry</Filter>
    </ClInclude>
    <ClInclude Include="Source\External\MathGeoLib\MathGeoLib\Math\TransformOps.h">
      <Filter>Libs\MathGeoLib\Math</Filter>
    </ClInclude>
    <ClInclude Include="Source\External\MathGeoLib\MathGeoLib\Math\SSEMath.h">
      <Filter>Libs\MathGeoLib\Math</Filter>
    </ClInclude>
    <ClInclude Include="Source\External\MathGeoLib\MathGeoLib\Math\sse_mathfun.h">
      <Filter>Libs\MathGeoLib\Math</Filter>
    </ClInclude>
    <ClInclude Include="Source\External\MathGeoLib\MathGeoLib\Math\Reinterpret.h">
      <Filter>Libs\MathGeoLib\Math</Filter>
    </ClInclude>
    <ClInclude Include="Source\External\MathGeoLib\MathGeoLib\Math\Rect.h">
      <Filter>Libs\MathGeoLib\Math</Filter>
    </ClInclude>
    <ClInclude Include="Source\External\MathGeoLib\MathGeoLib\Math\quat_simd.h">
      <Filter>Libs\MathGeoLib\Math</Filter>
    </ClInclude>
    <ClInclude Include="Source\External\MathGeoLib\MathGeoLib\Math\Quat.h">
      <Filter>Libs\MathGeoLib\Math</Filter>
    </ClInclude>
    <ClInclude Include="Source\External\MathGeoLib\MathGeoLib\Math\Polynomial.h">
      <Filter>Libs\MathGeoLib\Math</Filter>
    </ClInclude>
    <ClInclude Include="Source\External\MathGeoLib\MathGeoLib\Math\myassert.h">
      <Filter>Libs\MathGeoLib\Math</Filter>
    </ClInclude>
    <ClInclude Include="Source\External\MathGeoLib\MathGeoLib\Math\MatrixProxy.h">
      <Filter>Libs\MathGeoLib\Math</Filter>
    </ClInclude>
    <ClInclude Include="Source\External\MathGeoLib\MathGeoLib\Math\MathTypes.h">
      <Filter>Libs\MathGeoLib\Math</Filter>
    </ClInclude>
    <ClInclude Include="Source\External\MathGeoLib\MathGeoLib\Math\MathNamespace.h">
      <Filter>Libs\MathGeoLib\Math</Filter>
    </ClInclude>
    <ClInclude Include="Source\External\MathGeoLib\MathGeoLib\Math\MathLog.h">
      <Filter>Libs\MathGeoLib\Math</Filter>
    </ClInclude>
    <ClInclude Include="Source\External\MathGeoLib\MathGeoLib\Math\MathFunc.h">
      <Filter>Libs\MathGeoLib\Math</Filter>
    </ClInclude>
    <ClInclude Include="Source\External\MathGeoLib\MathGeoLib\Math\MathConstants.h">
      <Filter>Libs\MathGeoLib\Math</Filter>
    </ClInclude>
    <ClInclude Include="Source\External\MathGeoLib\MathGeoLib\Math\FloatCmp.h">
      <Filter>Libs\MathGeoLib\Math</Filter>
    </ClInclude>
    <ClInclude Include="Source\External\MathGeoLib\MathGeoLib\Math\float4x4_sse.h">
      <Filter>Libs\MathGeoLib\Math</Filter>
    </ClInclude>
    <ClInclude Include="Source\External\MathGeoLib\MathGeoLib\Math\float4x4_neon.h">
      <Filter>Libs\MathGeoLib\Math</Filter>
    </ClInclude>
    <ClInclude Include="Source\External\MathGeoLib\MathGeoLib\Math\float4x4.h">
      <Filter>Libs\MathGeoLib\Math</Filter>
    </ClInclude>
    <ClInclude Include="Source\External\MathGeoLib\MathGeoLib\Math\float4_sse.h">
      <Filter>Libs\MathGeoLib\Math</Filter>
    </ClInclude>
    <ClInclude Include="Source\External\MathGeoLib\MathGeoLib\Math\float4_neon.h">
      <Filter>Libs\MathGeoLib\Math</Filter>
    </ClInclude>
    <ClInclude Include="Source\External\MathGeoLib\MathGeoLib\Math\float4.h">
      <Filter>Libs\MathGeoLib\Math</Filter>
    </ClInclude>
    <ClInclude Include="Source\External\MathGeoLib\MathGeoLib\Math\float3x4.h">
      <Filter>Libs\MathGeoLib\Math</Filter>
    </ClInclude>
    <ClInclude Include="Source\External\MathGeoLib\MathGeoLib\Math\float3x3.h">
      <Filter>Libs\MathGeoLib\Math</Filter>
    </ClInclude>
    <ClInclude Include="Source\External\MathGeoLib\MathGeoLib\Math\float3.h">
      <Filter>Libs\MathGeoLib\Math</Filter>
    </ClInclude>
    <ClInclude Include="Source\External\MathGeoLib\MathGeoLib\Math\float2.h">
      <Filter>Libs\MathGeoLib\Math</Filter>
    </ClInclude>
    <ClInclude Include="Source\External\MathGeoLib\MathGeoLib\Math\FixedPoint.h">
      <Filter>Libs\MathGeoLib\Math</Filter>
    </ClInclude>
    <ClInclude Include="Source\External\MathGeoLib\MathGeoLib\Math\CoordinateAxisConvention.h">
      <Filter>Libs\MathGeoLib\Math</Filter>
    </ClInclude>
    <ClInclude Include="Source\External\MathGeoLib\MathGeoLib\Math\Complex.h">
      <Filter>Libs\MathGeoLib\Math</Filter>
    </ClInclude>
    <ClInclude Include="Source\External\MathGeoLib\MathGeoLib\Math\BitOps.h">
      <Filter>Libs\MathGeoLib\Math</Filter>
    </ClInclude>
    <ClInclude Include="Source\External\MathGeoLib\MathGeoLib\Math\assume.h">
      <Filter>Libs\MathGeoLib\Math</Filter>
    </ClInclude>
    <ClInclude Include="Source\Window.h">
      <Filter>Source\Modules</Filter>
    </ClInclude>
    <ClInclude Include="Source\ViewportFrameBuffer.h">
      <Filter>Source\Modules</Filter>
    </ClInclude>
    <ClInclude Include="Source\Textures.h">
      <Filter>Source\Modules</Filter>
    </ClInclude>
    <ClInclude Include="Source\Renderer3D.h">
      <Filter>Source\Modules</Filter>
    </ClInclude>
    <ClInclude Include="Source\Module.h">
      <Filter>Source\Modules</Filter>
    </ClInclude>
    <ClInclude Include="Source\Input.h">
      <Filter>Source\Modules</Filter>
    </ClInclude>
    <ClInclude Include="Source\FileSystem.h">
      <Filter>Source\Modules</Filter>
    </ClInclude>
    <ClInclude Include="Source\Editor.h">
      <Filter>Source\Modules</Filter>
    </ClInclude>
    <ClInclude Include="Source\Camera3D.h">
      <Filter>Source\Modules</Filter>
    </ClInclude>
    <ClInclude Include="Source\External\MathGeoLib\MathGeoLib\MathGeoLibFwd.h">
      <Filter>Libs\MathGeoLib</Filter>
    </ClInclude>
    <ClInclude Include="Source\External\MathGeoLib\MathGeoLib\MathBuildConfig.h">
      <Filter>Libs\MathGeoLib</Filter>
    </ClInclude>
    <ClInclude Include="Source\External\MathGeoLib\MathGeoLib\MathGeoLib.h">
      <Filter>Libs\MathGeoLib</Filter>
    </ClInclude>
    <ClInclude Include="Source\ComponentTransform.h">
      <Filter>Source\GameObject\Components</Filter>
    </ClInclude>
    <ClInclude Include="Source\External\MathGeoLib\MathGeoLib\Math\MathAll.h">
      <Filter>Libs\MathGeoLib\Math</Filter>
    </ClInclude>
  </ItemGroup>
  <ItemGroup>
    <Filter Include="Source">
      <UniqueIdentifier>{ebde2a2a-9d5e-41ef-bb32-c2f311f7daba}</UniqueIdentifier>
    </Filter>
    <Filter Include="Source\Editor">
      <UniqueIdentifier>{8f1bfd55-48b9-4621-8935-578307475ea4}</UniqueIdentifier>
    </Filter>
    <Filter Include="Source\GameObject">
      <UniqueIdentifier>{4b9e6343-8adb-44d6-b173-d16a0b45a6fa}</UniqueIdentifier>
    </Filter>
    <Filter Include="Source\Helpers">
      <UniqueIdentifier>{10a1154a-2bb2-465f-bec9-2af78e6ef661}</UniqueIdentifier>
    </Filter>
    <Filter Include="Source\Modules">
      <UniqueIdentifier>{f8886eeb-1d69-4321-b35e-a264adea1b8d}</UniqueIdentifier>
    </Filter>
    <Filter Include="Source\Scenes">
      <UniqueIdentifier>{2f92d2f8-0860-4ba9-a48a-3cf00282636d}</UniqueIdentifier>
    </Filter>
    <Filter Include="Source\Utils">
      <UniqueIdentifier>{fbe2ba5a-edd8-4575-a406-8a592171c60d}</UniqueIdentifier>
    </Filter>
    <Filter Include="Source\Editor\MenuBars">
      <UniqueIdentifier>{9ef0fadd-0ff3-496f-be1e-389cb783bf30}</UniqueIdentifier>
    </Filter>
    <Filter Include="Source\Editor\Panels">
      <UniqueIdentifier>{f97e6540-e481-475f-a4c7-7f9c3f5dec28}</UniqueIdentifier>
    </Filter>
    <Filter Include="Source\Editor\Style">
      <UniqueIdentifier>{cc70d733-2950-4d26-a9c6-90dd75e11e63}</UniqueIdentifier>
    </Filter>
    <Filter Include="Source\GameObject\Components">
      <UniqueIdentifier>{38ef2daf-e2ff-4886-905a-769ca31370ab}</UniqueIdentifier>
    </Filter>
    <Filter Include="Libs">
      <UniqueIdentifier>{1169cf43-e15f-440b-8721-0fcef7e733bd}</UniqueIdentifier>
    </Filter>
    <Filter Include="Libs\imgui">
      <UniqueIdentifier>{2cee32d6-0de5-4302-a741-e5d4a2b6c3e9}</UniqueIdentifier>
    </Filter>
    <Filter Include="Libs\JsonParser">
      <UniqueIdentifier>{f8ce4477-cc54-43f4-ab18-277986f15a1a}</UniqueIdentifier>
    </Filter>
    <Filter Include="Libs\MathGeoLib">
      <UniqueIdentifier>{e4187b9c-7eb9-4163-a66b-0a1b9b84cd6c}</UniqueIdentifier>
    </Filter>
    <Filter Include="Libs\MathGeoLib\Geometry">
      <UniqueIdentifier>{be534a9f-8ece-4efa-8d74-c4a4d9fc01ec}</UniqueIdentifier>
    </Filter>
    <Filter Include="Libs\MathGeoLib\Math">
      <UniqueIdentifier>{e86ad7af-8f79-4d68-9a53-b44681988dcb}</UniqueIdentifier>
    </Filter>
    <Filter Include="Libs\MathGeoLib\Time">
      <UniqueIdentifier>{3bcc695f-3ff0-404d-865e-437c59480ea7}</UniqueIdentifier>
    </Filter>
    <Filter Include="Libs\MathGeoLib\Algorithms">
      <UniqueIdentifier>{63db335b-82cb-4d31-98f1-3dcee5ab0552}</UniqueIdentifier>
    </Filter>
    <Filter Include="Libs\MathGeoLib\Algorithms\Random">
      <UniqueIdentifier>{b6875975-61bc-4c75-8333-e04045db87af}</UniqueIdentifier>
    </Filter>
    <Filter Include="Libs\mmgr">
      <UniqueIdentifier>{e5186f48-a246-40fe-a628-97e2f9e0d650}</UniqueIdentifier>
    </Filter>
    <Filter Include="Libs\stb_image">
      <UniqueIdentifier>{3eada8e9-4ccd-4dac-8a5f-b003921a6ce8}</UniqueIdentifier>
    </Filter>
  </ItemGroup>
</Project>